lockfileVersion: '9.0'

settings:
  autoInstallPeers: true
  excludeLinksFromLockfile: false

importers:

  .:
    dependencies:
      '@tanstack/query-db-collection':
        specifier: 1.0.6
        version: 1.0.6(@tanstack/query-core@5.90.12)(typescript@5.9.3)
      '@tanstack/react-db':
        specifier: 0.1.55
        version: 0.1.55(react@19.2.3)(typescript@5.9.3)
    devDependencies:
      typescript:
        specifier: ^5.9.3
        version: 5.9.3

packages:

  '@standard-schema/spec@1.0.0':
    resolution: {integrity: sha512-m2bOd0f2RT9k8QJx1JN85cZYyH1RqFBdlwtkSlf4tBDYLCiiZnv1fIIwacK6cqwXavOydf0NPToMQgpKq+dVlA==}

  '@tanstack/db-ivm@0.1.13':
    resolution: {integrity: sha512-sBOWGY4tqMEym2ewjdWrDb5c5c8akvgnEbGVPAtkfFS3QVV0zfVb5RJAkAc8GSxb3ByVfYjyaShVr0kMJhMuow==}
    peerDependencies:
      typescript: '>=4.7'

  '@tanstack/db@0.5.11':
    resolution: {integrity: sha512-D/JA4FWqTl4AeSZmjJNA5qOcT5cRBoTlSZjIdvZkbQu/mfphK+/fsICBVNxhLKq4mg+Q3EibIZO7VJwJiJ/cqw==}
    peerDependencies:
      typescript: '>=4.7'

  '@tanstack/pacer-lite@0.1.1':
    resolution: {integrity: sha512-y/xtNPNt/YeyoVxE/JCx+T7yjEzpezmbb+toK8DDD1P4m7Kzs5YR956+7OKexG3f8aXgC3rLZl7b1V+yNUSy5w==}
    engines: {node: '>=18'}

  '@tanstack/query-core@5.90.12':
    resolution: {integrity: sha512-T1/8t5DhV/SisWjDnaiU2drl6ySvsHj1bHBCWNXd+/T+Hh1cf6JodyEYMd5sgwm+b/mETT4EV3H+zCVczCU5hg==}

  '@tanstack/query-db-collection@1.0.6':
    resolution: {integrity: sha512-XGEtuXQ5GbVidTXabVagQrnzOd3ozv6BJZ1Hz+iS2SoyctYh2VOL8oGkVqL7YW/n7bkr20iTHwCln+dAEDU3mg==}
    peerDependencies:
      '@tanstack/query-core': ^5.0.0
      typescript: '>=4.7'

  '@tanstack/react-db@0.1.55':
    resolution: {integrity: sha512-59fNWy8GMP4li+jm34dNDYsj75qV84TjbbylheDK/erYae2ZEUx0W9JrHU2zLqjPK1OAbuIiQriLdBy2RTyjhQ==}
    peerDependencies:
      react: '>=16.8.0'

  fractional-indexing@3.2.0:
    resolution: {integrity: sha512-PcOxmqwYCW7O2ovKRU8OoQQj2yqTfEB/yeTYk4gPid6dN5ODRfU1hXd9tTVZzax/0NkO7AxpHykvZnT1aYp/BQ==}
    engines: {node: ^14.13.1 || >=16.0.0}

  react@19.2.3:
    resolution: {integrity: sha512-Ku/hhYbVjOQnXDZFv2+RibmLFGwFdeeKHFcOTlrt7xplBnya5OGn/hIRDsqDiSUcfORsDC7MPxwork8jBwsIWA==}
    engines: {node: '>=0.10.0'}

  sorted-btree@1.8.1:
    resolution: {integrity: sha512-395+XIP+wqNn3USkFSrNz7G3Ss/MXlZEqesxvzCRFwL14h6e8LukDHdLBePn5pwbm5OQ9vGu8mDyz2lLDIqamQ==}

  typescript@5.9.3:
    resolution: {integrity: sha512-jl1vZzPDinLr9eUt3J/t7V6FgNEw9QjvBPdysz9KfQDD41fQrC2Y4vKQdiaUpFT4bXlb1RHhLpp8wtm6M5TgSw==}
    engines: {node: '>=14.17'}
    hasBin: true

  use-sync-external-store@1.6.0:
    resolution: {integrity: sha512-Pp6GSwGP/NrPIrxVFAIkOQeyw8lFenOHijQWkUTrDvrF4ALqylP2C/KCkeS9dpUM3KvYRQhna5vt7IL95+ZQ9w==}
    peerDependencies:
      react: ^16.8.0 || ^17.0.0 || ^18.0.0 || ^19.0.0

snapshots:

  '@standard-schema/spec@1.0.0': {}

  '@tanstack/db-ivm@0.1.13(typescript@5.9.3)':
    dependencies:
      fractional-indexing: 3.2.0
      sorted-btree: 1.8.1
      typescript: 5.9.3

  '@tanstack/db@0.5.11(typescript@5.9.3)':
    dependencies:
      '@standard-schema/spec': 1.0.0
      '@tanstack/db-ivm': 0.1.13(typescript@5.9.3)
      '@tanstack/pacer-lite': 0.1.1
      typescript: 5.9.3

  '@tanstack/pacer-lite@0.1.1': {}

  '@tanstack/query-core@5.90.12': {}

  '@tanstack/query-db-collection@1.0.6(@tanstack/query-core@5.90.12)(typescript@5.9.3)':
    dependencies:
      '@standard-schema/spec': 1.0.0
      '@tanstack/db': 0.5.11(typescript@5.9.3)
      '@tanstack/query-core': 5.90.12
      typescript: 5.9.3

  '@tanstack/react-db@0.1.55(react@19.2.3)(typescript@5.9.3)':
    dependencies:
      '@tanstack/db': 0.5.11(typescript@5.9.3)
      react: 19.2.3
      use-sync-external-store: 1.6.0(react@19.2.3)
    transitivePeerDependencies:
      - typescript

  fractional-indexing@3.2.0: {}

  react@19.2.3: {}

  sorted-btree@1.8.1: {}

  typescript@5.9.3: {}

  use-sync-external-store@1.6.0(react@19.2.3):
    dependencies:
      react: 19.2.3
